{
  "name": "aoc-puzzles-2023",
  "lockfileVersion": 3,
  "requires": true,
  "packages": {
    "": {
      "dependencies": {
        "js-combinatorics": "^2.1.2",
        "percom": "^1.1.3"
      }
    },
    "node_modules/js-combinatorics": {
      "version": "2.1.2",
      "resolved": "https://registry.npmjs.org/js-combinatorics/-/js-combinatorics-2.1.2.tgz",
      "integrity": "sha512-/1AY2bYwxajoaKjPzvgQ80U7lcucU71ubzFPVgZGmzbDGn3R18ZQUZfD69+4Idg4JfNcq6trwD6I+dRfVnr/tg=="
    },
    "node_modules/percom": {
      "version": "1.1.3",
      "resolved": "https://registry.npmjs.org/percom/-/percom-1.1.3.tgz",
      "integrity": "sha512-AJS/mzZh/xes9p2796DI9Kz40Nd6oZCa1an8uONCI+aaziYcexSwiQBwJOTO9GX4Tyn/gWDqZHiAxQR0e5LKrw=="
    }
  }
}
